
Microsoft Visual Studio Solution File, Format Version 12.00
# Visual Studio Version 17
VisualStudioVersion = 17.14.36616.10 d17.14
MinimumVisualStudioVersion = 10.0.40219.1
Project("{FAE04EC0-301F-11D3-BF4B-00C04F79EFBC}") = "In Depth Shutdown Commander", "In Depth Shutdown Commander\In Depth Shutdown Commander.csproj", "{50FDB353-A912-46B1-A26B-CB43478B8E77}"
EndProject
Global
	GlobalSection(SolutionConfigurationPlatforms) = preSolution
		Debug|Any CPU = Debug|Any CPU
		Release|Any CPU = Release|Any CPU
	EndGlobalSection
	GlobalSection(ProjectConfigurationPlatforms) = postSolution
		{50FDB353-A912-46B1-A26B-CB43478B8E77}.Debug|Any CPU.ActiveCfg = Debug|Any CPU
		{50FDB353-A912-46B1-A26B-CB43478B8E77}.Debug|Any CPU.Build.0 = Debug|Any CPU
		{50FDB353-A912-46B1-A26B-CB43478B8E77}.Release|Any CPU.ActiveCfg = Release|Any CPU
		{50FDB353-A912-46B1-A26B-CB43478B8E77}.Release|Any CPU.Build.0 = Release|Any CPU
	EndGlobalSection
	GlobalSection(SolutionProperties) = preSolution
		HideSolutionNode = FALSE
	EndGlobalSection
	GlobalSection(ExtensibilityGlobals) = postSolution
		SolutionGuid = {76D17FF6-D2C6-415C-A8C3-54F295DC84DA}
	EndGlobalSection
EndGlobal
